dependencies:
  espressif/arduino-foc:
    component_hash: 9fb94126efc8fbaf578b59ca9cec957df9a5e2a32af834c535c99f3858552af7
    dependencies:
    - name: idf
      require: private
      version: '>=4.4'
    source:
      registry_url: https://components.espressif.com
      type: service
    version: 2.4.0~1
  espressif/cmake_utilities:
    component_hash: 05165f30922b422b4b90c08845e6d449329b97370fbd06309803d8cb539d79e3
    dependencies:
    - name: idf
      require: private
      version: '>=4.1'
    source:
      registry_url: https://components.espressif.com
      type: service
    version: 1.1.1
  espressif/esp_simplefoc:
    component_hash: 42ca89d9d4b9cf0d9d0e5ff82732247c42793a45a322d4f422878a6547ff6324
    dependencies:
    - name: espressif/arduino-foc
      registry_url: https://components.espressif.com
      require: public
      version: 2.4.*
    - name: espressif/iqmath
      registry_url: https://components.espressif.com
      require: private
      version: ^1.11.0
    - name: espressif/i2c_bus
      registry_url: https://components.espressif.com
      require: public
      version: 1.*
    - name: idf
      require: private
      version: '>=5.0'
    source:
      registry_url: https://components.espressif.com/
      type: service
    version: 1.4.1
  espressif/i2c_bus:
    component_hash: 483112c1619c54c38d0b734fb25f1678733267858a77b7af2f48cc7db6dbbd84
    dependencies:
    - name: espressif/cmake_utilities
      registry_url: https://components.espressif.com
      require: private
      version: '*'
    - name: idf
      require: private
      version: '>=4.0'
    source:
      registry_url: https://components.espressif.com/
      type: service
    version: 1.5.2
  espressif/iqmath:
    component_hash: 39448db759b410373e543798167ca4670bbff3019cb290a2fe8e627221e71b9d
    dependencies:
    - name: idf
      require: private
      version: '>=4.4'
    source:
      registry_url: https://components.espressif.com
      type: service
    version: 1.11.0~1
  idf:
    source:
      type: idf
    version: 6.0.2
direct_dependencies:
- espressif/esp_simplefoc
- espressif/i2c_bus
- idf
manifest_hash: 70306942f40dd19b02dcd57b81f532fbe43594f515fcddf3a60ae0f3cefa9390
target: esp32
version: 3.0.0
